
Microsoft Visual Studio Solution File, Format Version 12.00
# Visual Studio 15
VisualStudioVersion = 15.0.28307.852
MinimumVisualStudioVersion = 10.0.40219.1
Project("{2150E333-8FDC-42A3-9474-1A3956D46DE8}") = "API", "API", "{8DEE0852-B367-47EA-AC8A-1EDF616B6D27}"
EndProject
Project("{9A19103F-16F7-4668-BE54-9A1E7A4F7556}") = "ljgb.API", "ljgb.API\ljgb.API.csproj", "{3DBE5704-BCCE-448F-ABDE-AA2C55D9A5E8}"
EndProject
Project("{2150E333-8FDC-42A3-9474-1A3956D46DE8}") = "UI", "UI", "{7CEBC9EB-832E-4E08-B7CB-27CFAB72410C}"
EndProject
Project("{2150E333-8FDC-42A3-9474-1A3956D46DE8}") = "DataAccess", "DataAccess", "{DFD3F3DF-AE24-4A87-B61A-E8869CAA2B4B}"
EndProject
Project("{2150E333-8FDC-42A3-9474-1A3956D46DE8}") = "BusinessLogic", "BusinessLogic", "{9321B63A-8FE9-4D1C-B42C-9DE5DF4414E0}"
EndProject
Project("{2150E333-8FDC-42A3-9474-1A3956D46DE8}") = "Common", "Common", "{C27955F3-34EA-42D5-B9C1-B9868BC06B91}"
EndProject
Project("{9A19103F-16F7-4668-BE54-9A1E7A4F7556}") = "ljgb.Common", "ljgb.Common\ljgb.Common.csproj", "{A8534CA6-118C-4529-8DA1-1226ADAE62BE}"
EndProject
Project("{9A19103F-16F7-4668-BE54-9A1E7A4F7556}") = "ljgb.DataAccess", "ljgb.DataAccess\ljgb.DataAccess.csproj", "{7E3F6181-15B9-4EEF-8579-1FC8966AC22A}"
EndProject
Project("{9A19103F-16F7-4668-BE54-9A1E7A4F7556}") = "ljgb.BusinessLogic", "ljgb.BusinessLogic\ljgb.BusinessLogic.csproj", "{C259D35E-1C8C-4830-97A6-46C5EB21803B}"
EndProject
Project("{FAE04EC0-301F-11D3-BF4B-00C04F79EFBC}") = "ljgb.UI", "ljgb.UI\ljgb.UI.csproj", "{6EE4DC32-DAD4-4BD4-8F49-8D5719BFBB03}"
EndProject
Global
	GlobalSection(SolutionConfigurationPlatforms) = preSolution
		Debug|Any CPU = Debug|Any CPU
		Release|Any CPU = Release|Any CPU
	EndGlobalSection
	GlobalSection(ProjectConfigurationPlatforms) = postSolution
		{3DBE5704-BCCE-448F-ABDE-AA2C55D9A5E8}.Debug|Any CPU.ActiveCfg = Debug|Any CPU
		{3DBE5704-BCCE-448F-ABDE-AA2C55D9A5E8}.Debug|Any CPU.Build.0 = Debug|Any CPU
		{3DBE5704-BCCE-448F-ABDE-AA2C55D9A5E8}.Release|Any CPU.ActiveCfg = Release|Any CPU
		{3DBE5704-BCCE-448F-ABDE-AA2C55D9A5E8}.Release|Any CPU.Build.0 = Release|Any CPU
		{A8534CA6-118C-4529-8DA1-1226ADAE62BE}.Debug|Any CPU.ActiveCfg = Debug|Any CPU
		{A8534CA6-118C-4529-8DA1-1226ADAE62BE}.Debug|Any CPU.Build.0 = Debug|Any CPU
		{A8534CA6-118C-4529-8DA1-1226ADAE62BE}.Release|Any CPU.ActiveCfg = Release|Any CPU
		{A8534CA6-118C-4529-8DA1-1226ADAE62BE}.Release|Any CPU.Build.0 = Release|Any CPU
		{7E3F6181-15B9-4EEF-8579-1FC8966AC22A}.Debug|Any CPU.ActiveCfg = Debug|Any CPU
		{7E3F6181-15B9-4EEF-8579-1FC8966AC22A}.Debug|Any CPU.Build.0 = Debug|Any CPU
		{7E3F6181-15B9-4EEF-8579-1FC8966AC22A}.Release|Any CPU.ActiveCfg = Release|Any CPU
		{7E3F6181-15B9-4EEF-8579-1FC8966AC22A}.Release|Any CPU.Build.0 = Release|Any CPU
		{C259D35E-1C8C-4830-97A6-46C5EB21803B}.Debug|Any CPU.ActiveCfg = Debug|Any CPU
		{C259D35E-1C8C-4830-97A6-46C5EB21803B}.Debug|Any CPU.Build.0 = Debug|Any CPU
		{C259D35E-1C8C-4830-97A6-46C5EB21803B}.Release|Any CPU.ActiveCfg = Release|Any CPU
		{C259D35E-1C8C-4830-97A6-46C5EB21803B}.Release|Any CPU.Build.0 = Release|Any CPU
		{6EE4DC32-DAD4-4BD4-8F49-8D5719BFBB03}.Debug|Any CPU.ActiveCfg = Debug|Any CPU
		{6EE4DC32-DAD4-4BD4-8F49-8D5719BFBB03}.Debug|Any CPU.Build.0 = Debug|Any CPU
		{6EE4DC32-DAD4-4BD4-8F49-8D5719BFBB03}.Release|Any CPU.ActiveCfg = Release|Any CPU
		{6EE4DC32-DAD4-4BD4-8F49-8D5719BFBB03}.Release|Any CPU.Build.0 = Release|Any CPU
	EndGlobalSection
	GlobalSection(SolutionProperties) = preSolution
		HideSolutionNode = FALSE
	EndGlobalSection
	GlobalSection(NestedProjects) = preSolution
		{3DBE5704-BCCE-448F-ABDE-AA2C55D9A5E8} = {8DEE0852-B367-47EA-AC8A-1EDF616B6D27}
		{A8534CA6-118C-4529-8DA1-1226ADAE62BE} = {C27955F3-34EA-42D5-B9C1-B9868BC06B91}
		{7E3F6181-15B9-4EEF-8579-1FC8966AC22A} = {DFD3F3DF-AE24-4A87-B61A-E8869CAA2B4B}
		{C259D35E-1C8C-4830-97A6-46C5EB21803B} = {9321B63A-8FE9-4D1C-B42C-9DE5DF4414E0}
		{6EE4DC32-DAD4-4BD4-8F49-8D5719BFBB03} = {7CEBC9EB-832E-4E08-B7CB-27CFAB72410C}
	EndGlobalSection
	GlobalSection(ExtensibilityGlobals) = postSolution
		SolutionGuid = {53FA4AAD-674F-41A7-9E5A-13F837F58CEA}
	EndGlobalSection
EndGlobal
